{
  "version": 4,
  "terraform_version": "1.1.6",
  "serial": 8,
  "lineage": "405d70f0-9f26-c1d8-dd8e-a88d76a9895a",
  "outputs": {
    "random_string": {
      "value": "4Bjx8",
      "type": "string"
    },
    "zipar_arquivo": {
      "value": "Arquivo zipado. Tamanho: 393",
      "type": "string"
    },
    "zipar_diretorio": {
      "value": "Diretorio zipado. Tamanho: 708",
      "type": "string"
    }
  },
  "resources": [
    {
      "mode": "data",
      "type": "archive_file",
      "name": "zipar_arquivo",
      "provider": "provider[\"registry.terraform.io/hashicorp/archive\"]",
      "instances": [
        {
          "schema_version": 0,
          "attributes": {
            "excludes": null,
            "id": "76ea1f326a5aff06a587eb231bbba044349177c5",
            "output_base64sha256": "QeYk6SpS5ahmVeSN7qtpmV/s4PowyBnqdY8Badi2xiM=",
            "output_file_mode": null,
            "output_md5": "7607c95cb012fd450b90ee4492881566",
            "output_path": "arquivo.zip",
            "output_sha": "76ea1f326a5aff06a587eb231bbba044349177c5",
            "output_size": 393,
            "source": [],
            "source_content": null,
            "source_content_filename": null,
            "source_dir": null,
            "source_file": "arquivos/info.txt",
            "type": "zip"
          },
          "sensitive_attributes": []
        }
      ]
    },
    {
      "mode": "data",
      "type": "archive_file",
      "name": "zipar_diretorio",
      "provider": "provider[\"registry.terraform.io/hashicorp/archive\"]",
      "instances": [
        {
          "schema_version": 0,
          "attributes": {
            "excludes": null,
            "id": "29a6feeab1ca20090125f98c0864195dd21dc387",
            "output_base64sha256": "ztX54sL8+S7U5ZLaaHYWZdKydcoclQoBBp1kz98486A=",
            "output_file_mode": null,
            "output_md5": "75c58c5ec17bea948a1801baadc370b2",
            "output_path": "diretorio.zip",
            "output_sha": "29a6feeab1ca20090125f98c0864195dd21dc387",
            "output_size": 708,
            "source": [],
            "source_content": null,
            "source_content_filename": null,
            "source_dir": "arquivos",
            "source_file": null,
            "type": "zip"
          },
          "sensitive_attributes": []
        }
      ]
    },
    {
      "mode": "managed",
      "type": "random_string",
      "name": "random",
      "provider": "provider[\"registry.terraform.io/hashicorp/random\"]",
      "instances": [
        {
          "schema_version": 1,
          "attributes": {
            "id": "4Bjx8",
            "keepers": null,
            "length": 5,
            "lower": true,
            "min_lower": 0,
            "min_numeric": 0,
            "min_special": 0,
            "min_upper": 0,
            "number": true,
            "override_special": null,
            "result": "4Bjx8",
            "special": false,
            "upper": true
          },
          "sensitive_attributes": [],
          "private": "eyJzY2hlbWFfdmVyc2lvbiI6IjEifQ=="
        }
      ]
    }
  ]
}
